
Microsoft Visual Studio Solution File, Format Version 12.00
# Visual Studio Version 17
VisualStudioVersion = 17.12.35707.178
MinimumVisualStudioVersion = 10.0.40219.1
Project("{FAE04EC0-301F-11D3-BF4B-00C04F79EFBC}") = "SistemaExamenes2", "SistemaExamenes\SistemaExamenes2.csproj", "{A911E271-213B-492F-AA39-C51A21A8DC95}"
EndProject
Global
	GlobalSection(SolutionConfigurationPlatforms) = preSolution
		Debug|Any CPU = Debug|Any CPU
		Release|Any CPU = Release|Any CPU
	EndGlobalSection
	GlobalSection(ProjectConfigurationPlatforms) = postSolution
		{A911E271-213B-492F-AA39-C51A21A8DC95}.Debug|Any CPU.ActiveCfg = Debug|Any CPU
		{A911E271-213B-492F-AA39-C51A21A8DC95}.Debug|Any CPU.Build.0 = Debug|Any CPU
		{A911E271-213B-492F-AA39-C51A21A8DC95}.Release|Any CPU.ActiveCfg = Release|Any CPU
		{A911E271-213B-492F-AA39-C51A21A8DC95}.Release|Any CPU.Build.0 = Release|Any CPU
	EndGlobalSection
	GlobalSection(SolutionProperties) = preSolution
		HideSolutionNode = FALSE
	EndGlobalSection
EndGlobal
